
Microsoft Visual Studio Solution File, Format Version 12.00
# Visual Studio 14
VisualStudioVersion = 14.0.23107.0
MinimumVisualStudioVersion = 10.0.40219.1
Project("{FAE04EC0-301F-11D3-BF4B-00C04F79EFBC}") = "Backend", "Backend\Backend.csproj", "{09166B8A-CA85-4C0E-AEA7-1C3B954A51D3}"
EndProject
Project("{FAE04EC0-301F-11D3-BF4B-00C04F79EFBC}") = "Backend.Database", "Backend.Database\Backend.Database.csproj", "{BCA34984-3F0E-46B9-B79C-738043BA6877}"
EndProject
Project("{FAE04EC0-301F-11D3-BF4B-00C04F79EFBC}") = "Backend.Service", "Backend.Service\Backend.Service.csproj", "{1899BF7E-5C06-4D5E-A7DD-D8C176EAF522}"
EndProject
Project("{FAE04EC0-301F-11D3-BF4B-00C04F79EFBC}") = "Backend.DbEntities", "Backend.DbEntities\Backend.DbEntities.csproj", "{08D860EF-A10D-4B6E-8923-41944DCAB35A}"
EndProject
Project("{FAE04EC0-301F-11D3-BF4B-00C04F79EFBC}") = "Backend.PasswordHasher", "Backend.PasswordHasher\Backend.PasswordHasher.csproj", "{24E0EBD5-B31D-4E69-AE87-B797EB5EAAFB}"
EndProject
Project("{FAE04EC0-301F-11D3-BF4B-00C04F79EFBC}") = "Backend.Configuration", "Backend.Configuration\Backend.Configuration.csproj", "{F8534B3E-A5D1-4B76-891A-BA4F41E157CD}"
EndProject
Project("{FAE04EC0-301F-11D3-BF4B-00C04F79EFBC}") = "Backend.Models", "Backend.Models\Backend.Models.csproj", "{60A2BE25-3872-488A-A82B-2B304E3E7D00}"
EndProject
Project("{FAE04EC0-301F-11D3-BF4B-00C04F79EFBC}") = "Backend.RepositoryAbstractions", "Backend.RepositoryAbstractions\Backend.RepositoryAbstractions.csproj", "{A218F9E4-786E-4335-81B1-1EE9C4F6A0DA}"
EndProject
Global
	GlobalSection(SolutionConfigurationPlatforms) = preSolution
		Debug|Any CPU = Debug|Any CPU
		Release|Any CPU = Release|Any CPU
	EndGlobalSection
	GlobalSection(ProjectConfigurationPlatforms) = postSolution
		{09166B8A-CA85-4C0E-AEA7-1C3B954A51D3}.Debug|Any CPU.ActiveCfg = Debug|Any CPU
		{09166B8A-CA85-4C0E-AEA7-1C3B954A51D3}.Debug|Any CPU.Build.0 = Debug|Any CPU
		{09166B8A-CA85-4C0E-AEA7-1C3B954A51D3}.Release|Any CPU.ActiveCfg = Release|Any CPU
		{09166B8A-CA85-4C0E-AEA7-1C3B954A51D3}.Release|Any CPU.Build.0 = Release|Any CPU
		{BCA34984-3F0E-46B9-B79C-738043BA6877}.Debug|Any CPU.ActiveCfg = Debug|Any CPU
		{BCA34984-3F0E-46B9-B79C-738043BA6877}.Debug|Any CPU.Build.0 = Debug|Any CPU
		{BCA34984-3F0E-46B9-B79C-738043BA6877}.Release|Any CPU.ActiveCfg = Release|Any CPU
		{BCA34984-3F0E-46B9-B79C-738043BA6877}.Release|Any CPU.Build.0 = Release|Any CPU
		{1899BF7E-5C06-4D5E-A7DD-D8C176EAF522}.Debug|Any CPU.ActiveCfg = Debug|Any CPU
		{1899BF7E-5C06-4D5E-A7DD-D8C176EAF522}.Debug|Any CPU.Build.0 = Debug|Any CPU
		{1899BF7E-5C06-4D5E-A7DD-D8C176EAF522}.Release|Any CPU.ActiveCfg = Release|Any CPU
		{1899BF7E-5C06-4D5E-A7DD-D8C176EAF522}.Release|Any CPU.Build.0 = Release|Any CPU
		{08D860EF-A10D-4B6E-8923-41944DCAB35A}.Debug|Any CPU.ActiveCfg = Debug|Any CPU
		{08D860EF-A10D-4B6E-8923-41944DCAB35A}.Debug|Any CPU.Build.0 = Debug|Any CPU
		{08D860EF-A10D-4B6E-8923-41944DCAB35A}.Release|Any CPU.ActiveCfg = Release|Any CPU
		{08D860EF-A10D-4B6E-8923-41944DCAB35A}.Release|Any CPU.Build.0 = Release|Any CPU
		{24E0EBD5-B31D-4E69-AE87-B797EB5EAAFB}.Debug|Any CPU.ActiveCfg = Debug|Any CPU
		{24E0EBD5-B31D-4E69-AE87-B797EB5EAAFB}.Debug|Any CPU.Build.0 = Debug|Any CPU
		{24E0EBD5-B31D-4E69-AE87-B797EB5EAAFB}.Release|Any CPU.ActiveCfg = Release|Any CPU
		{24E0EBD5-B31D-4E69-AE87-B797EB5EAAFB}.Release|Any CPU.Build.0 = Release|Any CPU
		{F8534B3E-A5D1-4B76-891A-BA4F41E157CD}.Debug|Any CPU.ActiveCfg = Debug|Any CPU
		{F8534B3E-A5D1-4B76-891A-BA4F41E157CD}.Debug|Any CPU.Build.0 = Debug|Any CPU
		{F8534B3E-A5D1-4B76-891A-BA4F41E157CD}.Release|Any CPU.ActiveCfg = Release|Any CPU
		{F8534B3E-A5D1-4B76-891A-BA4F41E157CD}.Release|Any CPU.Build.0 = Release|Any CPU
		{60A2BE25-3872-488A-A82B-2B304E3E7D00}.Debug|Any CPU.ActiveCfg = Debug|Any CPU
		{60A2BE25-3872-488A-A82B-2B304E3E7D00}.Debug|Any CPU.Build.0 = Debug|Any CPU
		{60A2BE25-3872-488A-A82B-2B304E3E7D00}.Release|Any CPU.ActiveCfg = Release|Any CPU
		{60A2BE25-3872-488A-A82B-2B304E3E7D00}.Release|Any CPU.Build.0 = Release|Any CPU
		{A218F9E4-786E-4335-81B1-1EE9C4F6A0DA}.Debug|Any CPU.ActiveCfg = Debug|Any CPU
		{A218F9E4-786E-4335-81B1-1EE9C4F6A0DA}.Debug|Any CPU.Build.0 = Debug|Any CPU
		{A218F9E4-786E-4335-81B1-1EE9C4F6A0DA}.Release|Any CPU.ActiveCfg = Release|Any CPU
		{A218F9E4-786E-4335-81B1-1EE9C4F6A0DA}.Release|Any CPU.Build.0 = Release|Any CPU
	EndGlobalSection
	GlobalSection(SolutionProperties) = preSolution
		HideSolutionNode = FALSE
	EndGlobalSection
EndGlobal
